
Microsoft Visual Studio Solution File, Format Version 12.00
# Visual Studio Version 16
VisualStudioVersion = 16.0.29911.84
MinimumVisualStudioVersion = 10.0.40219.1
Project("{FAE04EC0-301F-11D3-BF4B-00C04F79EFBC}") = "NetCoreMVC", "NetCoreMVC\NetCoreMVC.csproj", "{36246A95-DC36-471A-91ED-C27ABBBBD81F}"
EndProject
Global
	GlobalSection(SolutionConfigurationPlatforms) = preSolution
		Debug|Any CPU = Debug|Any CPU
		Release|Any CPU = Release|Any CPU
	EndGlobalSection
	GlobalSection(ProjectConfigurationPlatforms) = postSolution
		{36246A95-DC36-471A-91ED-C27ABBBBD81F}.Debug|Any CPU.ActiveCfg = Debug|Any CPU
		{36246A95-DC36-471A-91ED-C27ABBBBD81F}.Debug|Any CPU.Build.0 = Debug|Any CPU
		{36246A95-DC36-471A-91ED-C27ABBBBD81F}.Release|Any CPU.ActiveCfg = Release|Any CPU
		{36246A95-DC36-471A-91ED-C27ABBBBD81F}.Release|Any CPU.Build.0 = Release|Any CPU
	EndGlobalSection
	GlobalSection(SolutionProperties) = preSolution
		HideSolutionNode = FALSE
	EndGlobalSection
	GlobalSection(ExtensibilityGlobals) = postSolution
		SolutionGuid = {BCB14C45-DFAF-4CE4-A819-B34CF0E29353}
	EndGlobalSection
EndGlobal
